
Microsoft Visual Studio Solution File, Format Version 12.00
# Visual Studio Version 16
VisualStudioVersion = 16.0.31624.102
MinimumVisualStudioVersion = 10.0.40219.1
Project("{9A19103F-16F7-4668-BE54-9A1E7A4F7556}") = "WinFormsApp1", "WinFormsApp1.csproj", "{9E955970-B52A-4759-8863-33DA56F32519}"
EndProject
Global
	GlobalSection(SolutionConfigurationPlatforms) = preSolution
		Debug|Any CPU = Debug|Any CPU
		Release|Any CPU = Release|Any CPU
	EndGlobalSection
	GlobalSection(ProjectConfigurationPlatforms) = postSolution
		{9E955970-B52A-4759-8863-33DA56F32519}.Debug|Any CPU.ActiveCfg = Debug|Any CPU
		{9E955970-B52A-4759-8863-33DA56F32519}.Debug|Any CPU.Build.0 = Debug|Any CPU
		{9E955970-B52A-4759-8863-33DA56F32519}.Release|Any CPU.ActiveCfg = Release|Any CPU
		{9E955970-B52A-4759-8863-33DA56F32519}.Release|Any CPU.Build.0 = Release|Any CPU
	EndGlobalSection
	GlobalSection(SolutionProperties) = preSolution
		HideSolutionNode = FALSE
	EndGlobalSection
	GlobalSection(ExtensibilityGlobals) = postSolution
		SolutionGuid = {2B6F924A-FE65-4824-9E63-B6D4A923D5D4}
	EndGlobalSection
EndGlobal
